// !$*UTF8*$!
{
	archiveVersion = 1;
	classes = {
	};
	objectVersion = 46;
	objects = {

/* Begin PBXBuildFile section */
		3E17315C1814FE1300FDE0C5 /* MCEViewController2.m in Sources */ = {isa = PBXBuildFile; fileRef = 3E17315B1814FE1300FDE0C5 /* MCEViewController2.m */; };
		3EE2D45618120B0300DD1FE1 /* Foundation.framework in Frameworks */ = {isa = PBXBuildFile; fileRef = 3EE2D45518120B0300DD1FE1 /* Foundation.framework */; };
		3EE2D45818120B0300DD1FE1 /* CoreGraphics.framework in Frameworks */ = {isa = PBXBuildFile; fileRef = 3EE2D45718120B0300DD1FE1 /* CoreGraphics.framework */; };
		3EE2D45A18120B0300DD1FE1 /* UIKit.framework in Frameworks */ = {isa = PBXBuildFile; fileRef = 3EE2D45918120B0300DD1FE1 /* UIKit.framework */; };
		3EE2D46018120B0300DD1FE1 /* InfoPlist.strings in Resources */ = {isa = PBXBuildFile; fileRef = 3EE2D45E18120B0300DD1FE1 /* InfoPlist.strings */; };
		3EE2D46218120B0300DD1FE1 /* main.m in Sources */ = {isa = PBXBuildFile; fileRef = 3EE2D46118120B0300DD1FE1 /* main.m */; };
		3EE2D46618120B0400DD1FE1 /* MCEAppDelegate.m in Sources */ = {isa = PBXBuildFile; fileRef = 3EE2D46518120B0400DD1FE1 /* MCEAppDelegate.m */; };
		3EE2D46918120B0400DD1FE1 /* Main.storyboard in Resources */ = {isa = PBXBuildFile; fileRef = 3EE2D46718120B0400DD1FE1 /* Main.storyboard */; };
		3EE2D46C18120B0400DD1FE1 /* MCEViewController.m in Sources */ = {isa = PBXBuildFile; fileRef = 3EE2D46B18120B0400DD1FE1 /* MCEViewController.m */; };
		3EE2D46E18120B0400DD1FE1 /* Images.xcassets in Resources */ = {isa = PBXBuildFile; fileRef = 3EE2D46D18120B0400DD1FE1 /* Images.xcassets */; };
		3EE2D47518120B0400DD1FE1 /* XCTest.framework in Frameworks */ = {isa = PBXBuildFile; fileRef = 3EE2D47418120B0400DD1FE1 /* XCTest.framework */; };
		3EE2D47618120B0400DD1FE1 /* Foundation.framework in Frameworks */ = {isa = PBXBuildFile; fileRef = 3EE2D45518120B0300DD1FE1 /* Foundation.framework */; };
		3EE2D47718120B0400DD1FE1 /* UIKit.framework in Frameworks */ = {isa = PBXBuildFile; fileRef = 3EE2D45918120B0300DD1FE1 /* UIKit.framework */; };
		3EE2D47F18120B0500DD1FE1 /* InfoPlist.strings in Resources */ = {isa = PBXBuildFile; fileRef = 3EE2D47D18120B0500DD1FE1 /* InfoPlist.strings */; };
		3EE2D48118120B0500DD1FE1 /* HW1_HelloWorldTests.m in Sources */ = {isa = PBXBuildFile; fileRef = 3EE2D48018120B0500DD1FE1 /* HW1_HelloWorldTests.m */; };
/* End PBXBuildFile section */

/* Begin PBXContainerItemProxy section */
		3EE2D47818120B0400DD1FE1 /* PBXContainerItemProxy */ = {
			isa = PBXContainerItemProxy;
			containerPortal = 3EE2D44A18120B0300DD1FE1 /* Project object */;
			proxyType = 1;
			remoteGlobalIDString = 3EE2D45118120B0300DD1FE1;
			remoteInfo = "HW1 HelloWorld";
		};
/* End PBXContainerItemProxy section */

/* Begin PBXFileReference section */
		3E17315A1814FE1300FDE0C5 /* MCEViewController2.h */ = {isa = PBXFileReference; fileEncoding = 4; lastKnownFileType = sourcecode.c.h; path = MCEViewController2.h; sourceTree = "<group>"; };
		3E17315B1814FE1300FDE0C5 /* MCEViewController2.m */ = {isa = PBXFileReference; fileEncoding = 4; lastKnownFileType = sourcecode.c.objc; path = MCEViewController2.m; sourceTree = "<group>"; };
		3EE2D45218120B0300DD1FE1 /* HW1 HelloWorld.app */ = {isa = PBXFileReference; explicitFileType = wrapper.application; includeInIndex = 0; path = "HW1 HelloWorld.app"; sourceTree = BUILT_PRODUCTS_DIR; };
		3EE2D45518120B0300DD1FE1 /* Foundation.framework */ = {isa = PBXFileReference; lastKnownFileType = wrapper.framework; name = Foundation.framework; path = System/Library/Frameworks/Foundation.framework; sourceTree = SDKROOT; };
		3EE2D45718120B0300DD1FE1 /* CoreGraphics.framework */ = {isa = PBXFileReference; lastKnownFileType = wrapper.framework; name = CoreGraphics.framework; path = System/Library/Frameworks/CoreGraphics.framework; sourceTree = SDKROOT; };
		3EE2D45918120B0300DD1FE1 /* UIKit.framework */ = {isa = PBXFileReference; lastKnownFileType = wrapper.framework; name = UIKit.framework; path = System/Library/Frameworks/UIKit.framework; sourceTree = SDKROOT; };
		3EE2D45D18120B0300DD1FE1 /* HW1 HelloWorld-Info.plist */ = {isa = PBXFileReference; lastKnownFileType = text.plist.xml; path = "HW1 HelloWorld-Info.plist"; sourceTree = "<group>"; };
		3EE2D45F18120B0300DD1FE1 /* en */ = {isa = PBXFileReference; lastKnownFileType = text.plist.strings; name = en; path = en.lproj/InfoPlist.strings; sourceTree = "<group>"; };
		3EE2D46118120B0300DD1FE1 /* main.m */ = {isa = PBXFileReference; lastKnownFileType = sourcecode.c.objc; path = main.m; sourceTree = "<group>"; };
		3EE2D46318120B0400DD1FE1 /* HW1 HelloWorld-Prefix.pch */ = {isa = PBXFileReference; lastKnownFileType = sourcecode.c.h; path = "HW1 HelloWorld-Prefix.pch"; sourceTree = "<group>"; };
		3EE2D46418120B0400DD1FE1 /* MCEAppDelegate.h */ = {isa = PBXFileReference; lastKnownFileType = sourcecode.c.h; path = MCEAppDelegate.h; sourceTree = "<group>"; };
		3EE2D46518120B0400DD1FE1 /* MCEAppDelegate.m */ = {isa = PBXFileReference; lastKnownFileType = sourcecode.c.objc; path = MCEAppDelegate.m; sourceTree = "<group>"; };
		3EE2D46818120B0400DD1FE1 /* Base */ = {isa = PBXFileReference; lastKnownFileType = file.storyboard; name = Base; path = Base.lproj/Main.storyboard; sourceTree = "<group>"; };
		3EE2D46A18120B0400DD1FE1 /* MCEViewController.h */ = {isa = PBXFileReference; lastKnownFileType = sourcecode.c.h; path = MCEViewController.h; sourceTree = "<group>"; };
		3EE2D46B18120B0400DD1FE1 /* MCEViewController.m */ = {isa = PBXFileReference; lastKnownFileType = sourcecode.c.objc; path = MCEViewController.m; sourceTree = "<group>"; };
		3EE2D46D18120B0400DD1FE1 /* Images.xcassets */ = {isa = PBXFileReference; lastKnownFileType = folder.assetcatalog; path = Images.xcassets; sourceTree = "<group>"; };
		3EE2D47318120B0400DD1FE1 /* HW1 HelloWorldTests.xctest */ = {isa = PBXFileReference; explicitFileType = wrapper.cfbundle; includeInIndex = 0; path = "HW1 HelloWorldTests.xctest"; sourceTree = BUILT_PRODUCTS_DIR; };
		3EE2D47418120B0400DD1FE1 /* XCTest.framework */ = {isa = PBXFileReference; lastKnownFileType = wrapper.framework; name = XCTest.framework; path = Library/Frameworks/XCTest.framework; sourceTree = DEVELOPER_DIR; };
		3EE2D47C18120B0400DD1FE1 /* HW1 HelloWorldTests-Info.plist */ = {isa = PBXFileReference; lastKnownFileType = text.plist.xml; path = "HW1 HelloWorldTests-Info.plist"; sourceTree = "<group>"; };
		3EE2D47E18120B0500DD1FE1 /* en */ = {isa = PBXFileReference; lastKnownFileType = text.plist.strings; name = en; path = en.lproj/InfoPlist.strings; sourceTree = "<group>"; };
		3EE2D48018120B0500DD1FE1 /* HW1_HelloWorldTests.m */ = {isa = PBXFileReference; lastKnownFileType = sourcecode.c.objc; path = HW1_HelloWorldTests.m; sourceTree = "<group>"; };
/* End PBXFileReference section */

/* Begin PBXFrameworksBuildPhase section */
		3EE2D44F18120B0300DD1FE1 /* Frameworks */ = {
			isa = PBXFrameworksBuildPhase;
			buildActionMask = 2147483647;
			files = (
				3EE2D45818120B0300DD1FE1 /* CoreGraphics.framework in Frameworks */,
				3EE2D45A18120B0300DD1FE1 /* UIKit.framework in Frameworks */,
				3EE2D45618120B0300DD1FE1 /* Foundation.framework in Frameworks */,
			);
			runOnlyForDeploymentPostprocessing = 0;
		};
		3EE2D47018120B0400DD1FE1 /* Frameworks */ = {
			isa = PBXFrameworksBuildPhase;
			buildActionMask = 2147483647;
			files = (
				3EE2D47518120B0400DD1FE1 /* XCTest.framework in Frameworks */,
				3EE2D47718120B0400DD1FE1 /* UIKit.framework in Frameworks */,
				3EE2D47618120B0400DD1FE1 /* Foundation.framework in Frameworks */,
			);
			runOnlyForDeploymentPostprocessing = 0;
		};
/* End PBXFrameworksBuildPhase section */

/* Begin PBXGroup section */
		3EE2D44918120B0300DD1FE1 = {
			isa = PBXGroup;
			children = (
				3EE2D45B18120B0300DD1FE1 /* HW1 HelloWorld */,
				3EE2D47A18120B0400DD1FE1 /* HW1 HelloWorldTests */,
				3EE2D45418120B0300DD1FE1 /* Frameworks */,
				3EE2D45318120B0300DD1FE1 /* Products */,
			);
			sourceTree = "<group>";
		};
		3EE2D45318120B0300DD1FE1 /* Products */ = {
			isa = PBXGroup;
			children = (
				3EE2D45218120B0300DD1FE1 /* HW1 HelloWorld.app */,
				3EE2D47318120B0400DD1FE1 /* HW1 HelloWorldTests.xctest */,
			);
			name = Products;
			sourceTree = "<group>";
		};
		3EE2D45418120B0300DD1FE1 /* Frameworks */ = {
			isa = PBXGroup;
			children = (
				3EE2D45518120B0300DD1FE1 /* Foundation.framework */,
				3EE2D45718120B0300DD1FE1 /* CoreGraphics.framework */,
				3EE2D45918120B0300DD1FE1 /* UIKit.framework */,
				3EE2D47418120B0400DD1FE1 /* XCTest.framework */,
			);
			name = Frameworks;
			sourceTree = "<group>";
		};
		3EE2D45B18120B0300DD1FE1 /* HW1 HelloWorld */ = {
			isa = PBXGroup;
			children = (
				3EE2D46418120B0400DD1FE1 /* MCEAppDelegate.h */,
				3EE2D46518120B0400DD1FE1 /* MCEAppDelegate.m */,
				3EE2D46718120B0400DD1FE1 /* Main.storyboard */,
				3EE2D46A18120B0400DD1FE1 /* MCEViewController.h */,
				3EE2D46B18120B0400DD1FE1 /* MCEViewController.m */,
				3E17315A1814FE1300FDE0C5 /* MCEViewController2.h */,
				3E17315B1814FE1300FDE0C5 /* MCEViewController2.m */,
				3EE2D46D18120B0400DD1FE1 /* Images.xcassets */,
				3EE2D45C18120B0300DD1FE1 /* Supporting Files */,
			);
			path = "HW1 HelloWorld";
			sourceTree = "<group>";
		};
		3EE2D45C18120B0300DD1FE1 /* Supporting Files */ = {
			isa = PBXGroup;
			children = (
				3EE2D45D18120B0300DD1FE1 /* HW1 HelloWorld-Info.plist */,
				3EE2D45E18120B0300DD1FE1 /* InfoPlist.strings */,
				3EE2D46118120B0300DD1FE1 /* main.m */,
				3EE2D46318120B0400DD1FE1 /* HW1 HelloWorld-Prefix.pch */,
			);
			name = "Supporting Files";
			sourceTree = "<group>";
		};
		3EE2D47A18120B0400DD1FE1 /* HW1 HelloWorldTests */ = {
			isa = PBXGroup;
			children = (
				3EE2D48018120B0500DD1FE1 /* HW1_HelloWorldTests.m */,
				3EE2D47B18120B0400DD1FE1 /* Supporting Files */,
			);
			path = "HW1 HelloWorldTests";
			sourceTree = "<group>";
		};
		3EE2D47B18120B0400DD1FE1 /* Supporting Files */ = {
			isa = PBXGroup;
			children = (
				3EE2D47C18120B0400DD1FE1 /* HW1 HelloWorldTests-Info.plist */,
				3EE2D47D18120B0500DD1FE1 /* InfoPlist.strings */,
			);
			name = "Supporting Files";
			sourceTree = "<group>";
		};
/* End PBXGroup section */

/* Begin PBXNativeTarget section */
		3EE2D45118120B0300DD1FE1 /* HW1 HelloWorld */ = {
			isa = PBXNativeTarget;
			buildConfigurationList = 3EE2D48418120B0500DD1FE1 /* Build configuration list for PBXNativeTarget "HW1 HelloWorld" */;
			buildPhases = (
				3EE2D44E18120B0300DD1FE1 /* Sources */,
				3EE2D44F18120B0300DD1FE1 /* Frameworks */,
				3EE2D45018120B0300DD1FE1 /* Resources */,
			);
			buildRules = (
			);
			dependencies = (
			);
			name = "HW1 HelloWorld";
			productName = "HW1 HelloWorld";
			productReference = 3EE2D45218120B0300DD1FE1 /* HW1 HelloWorld.app */;
			productType = "com.apple.product-type.application";
		};
		3EE2D47218120B0400DD1FE1 /* HW1 HelloWorldTests */ = {
			isa = PBXNativeTarget;
			buildConfigurationList = 3EE2D48718120B0500DD1FE1 /* Build configuration list for PBXNativeTarget "HW1 HelloWorldTests" */;
			buildPhases = (
				3EE2D46F18120B0400DD1FE1 /* Sources */,
				3EE2D47018120B0400DD1FE1 /* Frameworks */,
				3EE2D47118120B0400DD1FE1 /* Resources */,
			);
			buildRules = (
			);
			dependencies = (
				3EE2D47918120B0400DD1FE1 /* PBXTargetDependency */,
			);
			name = "HW1 HelloWorldTests";
			productName = "HW1 HelloWorldTests";
			productReference = 3EE2D47318120B0400DD1FE1 /* HW1 HelloWorldTests.xctest */;
			productType = "com.apple.product-type.bundle.unit-test";
		};
/* End PBXNativeTarget section */

/* Begin PBXProject section */
		3EE2D44A18120B0300DD1FE1 /* Project object */ = {
			isa = PBXProject;
			attributes = {
				CLASSPREFIX = MCE;
				LastUpgradeCheck = 0500;
				ORGANIZATIONNAME = "Macy Aviles";
				TargetAttributes = {
					3EE2D47218120B0400DD1FE1 = {
						TestTargetID = 3EE2D45118120B0300DD1FE1;
					};
				};
			};
			buildConfigurationList = 3EE2D44D18120B0300DD1FE1 /* Build configuration list for PBXProject "HW1 HelloWorld" */;
			compatibilityVersion = "Xcode 3.2";
			developmentRegion = English;
			hasScannedForEncodings = 0;
			knownRegions = (
				en,
				Base,
			);
			mainGroup = 3EE2D44918120B0300DD1FE1;
			productRefGroup = 3EE2D45318120B0300DD1FE1 /* Products */;
			projectDirPath = "";
			projectRoot = "";
			targets = (
				3EE2D45118120B0300DD1FE1 /* HW1 HelloWorld */,
				3EE2D47218120B0400DD1FE1 /* HW1 HelloWorldTests */,
			);
		};
/* End PBXProject section */

/* Begin PBXResourcesBuildPhase section */
		3EE2D45018120B0300DD1FE1 /* Resources */ = {
			isa = PBXResourcesBuildPhase;
			buildActionMask = 2147483647;
			files = (
				3EE2D46E18120B0400DD1FE1 /* Images.xcassets in Resources */,
				3EE2D46018120B0300DD1FE1 /* InfoPlist.strings in Resources */,
				3EE2D46918120B0400DD1FE1 /* Main.storyboard in Resources */,
			);
			runOnlyForDeploymentPostprocessing = 0;
		};
		3EE2D47118120B0400DD1FE1 /* Resources */ = {
			isa = PBXResourcesBuildPhase;
			buildActionMask = 2147483647;
			files = (
				3EE2D47F18120B0500DD1FE1 /* InfoPlist.strings in Resources */,
			);
			runOnlyForDeploymentPostprocessing = 0;
		};
/* End PBXResourcesBuildPhase section */

/* Begin PBXSourcesBuildPhase section */
		3EE2D44E18120B0300DD1FE1 /* Sources */ = {
			isa = PBXSourcesBuildPhase;
			buildActionMask = 2147483647;
			files = (
				3EE2D46618120B0400DD1FE1 /* MCEAppDelegate.m in Sources */,
				3E17315C1814FE1300FDE0C5 /* MCEViewController2.m in Sources */,
				3EE2D46218120B0300DD1FE1 /* main.m in Sources */,
				3EE2D46C18120B0400DD1FE1 /* MCEViewController.m in Sources */,
			);
			runOnlyForDeploymentPostprocessing = 0;
		};
		3EE2D46F18120B0400DD1FE1 /* Sources */ = {
			isa = PBXSourcesBuildPhase;
			buildActionMask = 2147483647;
			files = (
				3EE2D48118120B0500DD1FE1 /* HW1_HelloWorldTests.m in Sources */,
			);
			runOnlyForDeploymentPostprocessing = 0;
		};
/* End PBXSourcesBuildPhase section */

/* Begin PBXTargetDependency section */
		3EE2D47918120B0400DD1FE1 /* PBXTargetDependency */ = {
			isa = PBXTargetDependency;
			target = 3EE2D45118120B0300DD1FE1 /* HW1 HelloWorld */;
			targetProxy = 3EE2D47818120B0400DD1FE1 /* PBXContainerItemProxy */;
		};
/* End PBXTargetDependency section */

/* Begin PBXVariantGroup section */
		3EE2D45E18120B0300DD1FE1 /* InfoPlist.strings */ = {
			isa = PBXVariantGroup;
			children = (
				3EE2D45F18120B0300DD1FE1 /* en */,
			);
			name = InfoPlist.strings;
			sourceTree = "<group>";
		};
		3EE2D46718120B0400DD1FE1 /* Main.storyboard */ = {
			isa = PBXVariantGroup;
			children = (
				3EE2D46818120B0400DD1FE1 /* Base */,
			);
			name = Main.storyboard;
			sourceTree = "<group>";
		};
		3EE2D47D18120B0500DD1FE1 /* InfoPlist.strings */ = {
			isa = PBXVariantGroup;
			children = (
				3EE2D47E18120B0500DD1FE1 /* en */,
			);
			name = InfoPlist.strings;
			sourceTree = "<group>";
		};
/* End PBXVariantGroup section */

/* Begin XCBuildConfiguration section */
		3EE2D48218120B0500DD1FE1 /* Debug */ = {
			isa = XCBuildConfiguration;
			buildSettings = {
				ALWAYS_SEARCH_USER_PATHS = NO;
				ARCHS = "$(ARCHS_STANDARD_INCLUDING_64_BIT)";
				CLANG_CXX_LANGUAGE_STANDARD = "gnu++0x";
				CLANG_CXX_LIBRARY = "libc++";
				CLANG_ENABLE_MODULES = YES;
				CLANG_ENABLE_OBJC_ARC = YES;
				CLANG_WARN_BOOL_CONVERSION = YES;
				CLANG_WARN_CONSTANT_CONVERSION = YES;
				CLANG_WARN_DIRECT_OBJC_ISA_USAGE = YES_ERROR;
				CLANG_WARN_EMPTY_BODY = YES;
				CLANG_WARN_ENUM_CONVERSION = YES;
				CLANG_WARN_INT_CONVERSION = YES;
				CLANG_WARN_OBJC_ROOT_CLASS = YES_ERROR;
				CLANG_WARN__DUPLICATE_METHOD_MATCH = YES;
				"CODE_SIGN_IDENTITY[sdk=iphoneos*]" = "iPhone Developer";
				COPY_PHASE_STRIP = NO;
				GCC_C_LANGUAGE_STANDARD = gnu99;
				GCC_DYNAMIC_NO_PIC = NO;
				GCC_OPTIMIZATION_LEVEL = 0;
				GCC_PREPROCESSOR_DEFINITIONS = (
					"DEBUG=1",
					"$(inherited)",
				);
				GCC_SYMBOLS_PRIVATE_EXTERN = NO;
				GCC_WARN_64_TO_32_BIT_CONVERSION = YES;
				GCC_WARN_ABOUT_RETURN_TYPE = YES_ERROR;
				GCC_WARN_UNDECLARED_SELECTOR = YES;
				GCC_WARN_UNINITIALIZED_AUTOS = YES;
				GCC_WARN_UNUSED_FUNCTION = YES;
				GCC_WARN_UNUSED_VARIABLE = YES;
				IPHONEOS_DEPLOYMENT_TARGET = 7.0;
				ONLY_ACTIVE_ARCH = YES;
				SDKROOT = iphoneos;
			};
			name = Debug;
		};
		3EE2D48318120B0500DD1FE1 /* Release */ = {
			isa = XCBuildConfiguration;
			buildSettings = {
				ALWAYS_SEARCH_USER_PATHS = NO;
				ARCHS = "$(ARCHS_STANDARD_INCLUDING_64_BIT)";
				CLANG_CXX_LANGUAGE_STANDARD = "gnu++0x";
				CLANG_CXX_LIBRARY = "libc++";
				CLANG_ENABLE_MODULES = YES;
				CLANG_ENABLE_OBJC_ARC = YES;
				CLANG_WARN_BOOL_CONVERSION = YES;
				CLANG_WARN_CONSTANT_CONVERSION = YES;
				CLANG_WARN_DIRECT_OBJC_ISA_USAGE = YES_ERROR;
				CLANG_WARN_EMPTY_BODY = YES;
				CLANG_WARN_ENUM_CONVERSION = YES;
				CLANG_WARN_INT_CONVERSION = YES;
				CLANG_WARN_OBJC_ROOT_CLASS = YES_ERROR;
				CLANG_WARN__DUPLICATE_METHOD_MATCH = YES;
				"CODE_SIGN_IDENTITY[sdk=iphoneos*]" = "iPhone Developer";
				COPY_PHASE_STRIP = YES;
				ENABLE_NS_ASSERTIONS = NO;
				GCC_C_LANGUAGE_STANDARD = gnu99;
				GCC_WARN_64_TO_32_BIT_CONVERSION = YES;
				GCC_WARN_ABOUT_RETURN_TYPE = YES_ERROR;
				GCC_WARN_UNDECLARED_SELECTOR = YES;
				GCC_WARN_UNINITIALIZED_AUTOS = YES;
				GCC_WARN_UNUSED_FUNCTION = YES;
				GCC_WARN_UNUSED_VARIABLE = YES;
				IPHONEOS_DEPLOYMENT_TARGET = 7.0;
				SDKROOT = iphoneos;
				VALIDATE_PRODUCT = YES;
			};
			name = Release;
		};
		3EE2D48518120B0500DD1FE1 /* Debug */ = {
			isa = XCBuildConfiguration;
			buildSettings = {
				ASSETCATALOG_COMPILER_APPICON_NAME = AppIcon;
				ASSETCATALOG_COMPILER_LAUNCHIMAGE_NAME = LaunchImage;
				GCC_PRECOMPILE_PREFIX_HEADER = YES;
				GCC_PREFIX_HEADER = "HW1 HelloWorld/HW1 HelloWorld-Prefix.pch";
				INFOPLIST_FILE = "HW1 HelloWorld/HW1 HelloWorld-Info.plist";
				PRODUCT_NAME = "$(TARGET_NAME)";
				WRAPPER_EXTENSION = app;
			};
			name = Debug;
		};
		3EE2D48618120B0500DD1FE1 /* Release */ = {
			isa = XCBuildConfiguration;
			buildSettings = {
				ASSETCATALOG_COMPILER_APPICON_NAME = AppIcon;
				ASSETCATALOG_COMPILER_LAUNCHIMAGE_NAME = LaunchImage;
				GCC_PRECOMPILE_PREFIX_HEADER = YES;
				GCC_PREFIX_HEADER = "HW1 HelloWorld/HW1 HelloWorld-Prefix.pch";
				INFOPLIST_FILE = "HW1 HelloWorld/HW1 HelloWorld-Info.plist";
				PRODUCT_NAME = "$(TARGET_NAME)";
				WRAPPER_EXTENSION = app;
			};
			name = Release;
		};
		3EE2D48818120B0500DD1FE1 /* Debug */ = {
			isa = XCBuildConfiguration;
			buildSettings = {
				ARCHS = "$(ARCHS_STANDARD_INCLUDING_64_BIT)";
				BUNDLE_LOADER = "$(BUILT_PRODUCTS_DIR)/HW1 HelloWorld.app/HW1 HelloWorld";
				FRAMEWORK_SEARCH_PATHS = (
					"$(SDKROOT)/Developer/Library/Frameworks",
					"$(inherited)",
					"$(DEVELOPER_FRAMEWORKS_DIR)",
				);
				GCC_PRECOMPILE_PREFIX_HEADER = YES;
				GCC_PREFIX_HEADER = "HW1 HelloWorld/HW1 HelloWorld-Prefix.pch";
				GCC_PREPROCESSOR_DEFINITIONS = (
					"DEBUG=1",
					"$(inherited)",
				);
				INFOPLIST_FILE = "HW1 HelloWorldTests/HW1 HelloWorldTests-Info.plist";
				PRODUCT_NAME = "$(TARGET_NAME)";
				TEST_HOST = "$(BUNDLE_LOADER)";
				WRAPPER_EXTENSION = xctest;
			};
			name = Debug;
		};
		3EE2D48918120B0500DD1FE1 /* Release */ = {
			isa = XCBuildConfiguration;
			buildSettings = {
				ARCHS = "$(ARCHS_STANDARD_INCLUDING_64_BIT)";
				BUNDLE_LOADER = "$(BUILT_PRODUCTS_DIR)/HW1 HelloWorld.app/HW1 HelloWorld";
				FRAMEWORK_SEARCH_PATHS = (
					"$(SDKROOT)/Developer/Library/Frameworks",
					"$(inherited)",
					"$(DEVELOPER_FRAMEWORKS_DIR)",
				);
				GCC_PRECOMPILE_PREFIX_HEADER = YES;
				GCC_PREFIX_HEADER = "HW1 HelloWorld/HW1 HelloWorld-Prefix.pch";
				INFOPLIST_FILE = "HW1 HelloWorldTests/HW1 HelloWorldTests-Info.plist";
				PRODUCT_NAME = "$(TARGET_NAME)";
				TEST_HOST = "$(BUNDLE_LOADER)";
				WRAPPER_EXTENSION = xctest;
			};
			name = Release;
		};
/* End XCBuildConfiguration section */

/* Begin XCConfigurationList section */
		3EE2D44D18120B0300DD1FE1 /* Build configuration list for PBXProject "HW1 HelloWorld" */ = {
			isa = XCConfigurationList;
			buildConfigurations = (
				3EE2D48218120B0500DD1FE1 /* Debug */,
				3EE2D48318120B0500DD1FE1 /* Release */,
			);
			defaultConfigurationIsVisible = 0;
			defaultConfigurationName = Release;
		};
		3EE2D48418120B0500DD1FE1 /* Build configuration list for PBXNativeTarget "HW1 HelloWorld" */ = {
			isa = XCConfigurationList;
			buildConfigurations = (
				3EE2D48518120B0500DD1FE1 /* Debug */,
				3EE2D48618120B0500DD1FE1 /* Release */,
			);
			defaultConfigurationIsVisible = 0;
			defaultConfigurationName = Release;
		};
		3EE2D48718120B0500DD1FE1 /* Build configuration list for PBXNativeTarget "HW1 HelloWorldTests" */ = {
			isa = XCConfigurationList;
			buildConfigurations = (
				3EE2D48818120B0500DD1FE1 /* Debug */,
				3EE2D48918120B0500DD1FE1 /* Release */,
			);
			defaultConfigurationIsVisible = 0;
			defaultConfigurationName = Release;
		};
/* End XCConfigurationList section */
	};
	rootObject = 3EE2D44A18120B0300DD1FE1 /* Project object */;
}
